// !$*UTF8*$!
{
	archiveVersion = 1;
	classes = {
	};
	objectVersion = 55;
	objects = {

/* Begin PBXBuildFile section */
		AD3391C470FA82A0392E5264 /* Pods_MQTTTestApp.framework in Frameworks */ = {isa = PBXBuildFile; fileRef = B3C4A12E0CD6312396935D23 /* Pods_MQTTTestApp.framework */; };
		CA659574298491C300528487 /* MQTTTestApp.swift in Sources */ = {isa = PBXBuildFile; fileRef = CA659573298491C300528487 /* MQTTTestApp.swift */; };
		CA659578298491C400528487 /* Assets.xcassets in Resources */ = {isa = PBXBuildFile; fileRef = CA659577298491C400528487 /* Assets.xcassets */; };
		CA65957B298491C400528487 /* Preview Assets.xcassets in Resources */ = {isa = PBXBuildFile; fileRef = CA65957A298491C400528487 /* Preview Assets.xcassets */; };
		CAB5CCAE29873C910053CA8F /* TimestampViewModel.swift in Sources */ = {isa = PBXBuildFile; fileRef = CAB5CCAD29873C910053CA8F /* TimestampViewModel.swift */; };
		CAB5CCB129873D110053CA8F /* TimestampView.swift in Sources */ = {isa = PBXBuildFile; fileRef = CAB5CCB029873D110053CA8F /* TimestampView.swift */; };
/* End PBXBuildFile section */

/* Begin PBXFileReference section */
		328837EA42111BC7CA81CA1C /* Pods-MQTTTestApp.release.xcconfig */ = {isa = PBXFileReference; includeInIndex = 1; lastKnownFileType = text.xcconfig; name = "Pods-MQTTTestApp.release.xcconfig"; path = "Target Support Files/Pods-MQTTTestApp/Pods-MQTTTestApp.release.xcconfig"; sourceTree = "<group>"; };
		7780B58404BB30BBA0DF9363 /* Pods-MQTTTestApp.debug.xcconfig */ = {isa = PBXFileReference; includeInIndex = 1; lastKnownFileType = text.xcconfig; name = "Pods-MQTTTestApp.debug.xcconfig"; path = "Target Support Files/Pods-MQTTTestApp/Pods-MQTTTestApp.debug.xcconfig"; sourceTree = "<group>"; };
		B3C4A12E0CD6312396935D23 /* Pods_MQTTTestApp.framework */ = {isa = PBXFileReference; explicitFileType = wrapper.framework; includeInIndex = 0; path = Pods_MQTTTestApp.framework; sourceTree = BUILT_PRODUCTS_DIR; };
		CA659570298491C300528487 /* MQTTTestApp.app */ = {isa = PBXFileReference; explicitFileType = wrapper.application; includeInIndex = 0; path = MQTTTestApp.app; sourceTree = BUILT_PRODUCTS_DIR; };
		CA659573298491C300528487 /* MQTTTestApp.swift */ = {isa = PBXFileReference; lastKnownFileType = sourcecode.swift; path = MQTTTestApp.swift; sourceTree = "<group>"; };
		CA659577298491C400528487 /* Assets.xcassets */ = {isa = PBXFileReference; lastKnownFileType = folder.assetcatalog; path = Assets.xcassets; sourceTree = "<group>"; };
		CA65957A298491C400528487 /* Preview Assets.xcassets */ = {isa = PBXFileReference; lastKnownFileType = folder.assetcatalog; path = "Preview Assets.xcassets"; sourceTree = "<group>"; };
		CAB5CCAD29873C910053CA8F /* TimestampViewModel.swift */ = {isa = PBXFileReference; lastKnownFileType = sourcecode.swift; path = TimestampViewModel.swift; sourceTree = "<group>"; };
		CAB5CCB029873D110053CA8F /* TimestampView.swift */ = {isa = PBXFileReference; lastKnownFileType = sourcecode.swift; path = TimestampView.swift; sourceTree = "<group>"; };
/* End PBXFileReference section */

/* Begin PBXFrameworksBuildPhase section */
		CA65956D298491C300528487 /* Frameworks */ = {
			isa = PBXFrameworksBuildPhase;
			buildActionMask = 2147483647;
			files = (
				AD3391C470FA82A0392E5264 /* Pods_MQTTTestApp.framework in Frameworks */,
			);
			runOnlyForDeploymentPostprocessing = 0;
		};
/* End PBXFrameworksBuildPhase section */

/* Begin PBXGroup section */
		21C34FBF4726A863A59A6C29 /* Frameworks */ = {
			isa = PBXGroup;
			children = (
				B3C4A12E0CD6312396935D23 /* Pods_MQTTTestApp.framework */,
			);
			name = Frameworks;
			sourceTree = "<group>";
		};
		6A9251D4DCA000EBDD20B059 /* Pods */ = {
			isa = PBXGroup;
			children = (
				7780B58404BB30BBA0DF9363 /* Pods-MQTTTestApp.debug.xcconfig */,
				328837EA42111BC7CA81CA1C /* Pods-MQTTTestApp.release.xcconfig */,
			);
			path = Pods;
			sourceTree = "<group>";
		};
		CA659567298491C300528487 = {
			isa = PBXGroup;
			children = (
				CA659572298491C300528487 /* MQTTTestApp */,
				CA659571298491C300528487 /* Products */,
				6A9251D4DCA000EBDD20B059 /* Pods */,
				21C34FBF4726A863A59A6C29 /* Frameworks */,
			);
			sourceTree = "<group>";
		};
		CA659571298491C300528487 /* Products */ = {
			isa = PBXGroup;
			children = (
				CA659570298491C300528487 /* MQTTTestApp.app */,
			);
			name = Products;
			sourceTree = "<group>";
		};
		CA659572298491C300528487 /* MQTTTestApp */ = {
			isa = PBXGroup;
			children = (
				CAB5CCAF29873CE20053CA8F /* Views */,
				CA659573298491C300528487 /* MQTTTestApp.swift */,
				CA659577298491C400528487 /* Assets.xcassets */,
				CA659579298491C400528487 /* Preview Content */,
			);
			path = MQTTTestApp;
			sourceTree = "<group>";
		};
		CA659579298491C400528487 /* Preview Content */ = {
			isa = PBXGroup;
			children = (
				CA65957A298491C400528487 /* Preview Assets.xcassets */,
			);
			path = "Preview Content";
			sourceTree = "<group>";
		};
		CAB5CCAC29873A890053CA8F /* Models */ = {
			isa = PBXGroup;
			children = (
				CAB5CCAD29873C910053CA8F /* TimestampViewModel.swift */,
			);
			path = Models;
			sourceTree = "<group>";
		};
		CAB5CCAF29873CE20053CA8F /* Views */ = {
			isa = PBXGroup;
			children = (
				CAB5CCAC29873A890053CA8F /* Models */,
				CAB5CCB029873D110053CA8F /* TimestampView.swift */,
			);
			path = Views;
			sourceTree = "<group>";
		};
/* End PBXGroup section */

/* Begin PBXNativeTarget section */
		CA65956F298491C300528487 /* MQTTTestApp */ = {
			isa = PBXNativeTarget;
			buildConfigurationList = CA65957E298491C400528487 /* Build configuration list for PBXNativeTarget "MQTTTestApp" */;
			buildPhases = (
				5C50DD7830506FACEAA72F65 /* [CP] Check Pods Manifest.lock */,
				CA65956C298491C300528487 /* Sources */,
				CA65956D298491C300528487 /* Frameworks */,
				CA65956E298491C300528487 /* Resources */,
				C3709529764C47A558131DDA /* [CP] Embed Pods Frameworks */,
			);
			buildRules = (
			);
			dependencies = (
			);
			name = MQTTTestApp;
			productName = MQTTTestApp;
			productReference = CA659570298491C300528487 /* MQTTTestApp.app */;
			productType = "com.apple.product-type.application";
		};
/* End PBXNativeTarget section */

/* Begin PBXProject section */
		CA659568298491C300528487 /* Project object */ = {
			isa = PBXProject;
			attributes = {
				BuildIndependentTargetsInParallel = 1;
				LastSwiftUpdateCheck = 1330;
				LastUpgradeCheck = 1330;
				TargetAttributes = {
					CA65956F298491C300528487 = {
						CreatedOnToolsVersion = 13.3;
					};
				};
			};
			buildConfigurationList = CA65956B298491C300528487 /* Build configuration list for PBXProject "MQTTTestApp" */;
			compatibilityVersion = "Xcode 13.0";
			developmentRegion = en;
			hasScannedForEncodings = 0;
			knownRegions = (
				en,
				Base,
			);
			mainGroup = CA659567298491C300528487;
			productRefGroup = CA659571298491C300528487 /* Products */;
			projectDirPath = "";
			projectRoot = "";
			targets = (
				CA65956F298491C300528487 /* MQTTTestApp */,
			);
		};
/* End PBXProject section */

/* Begin PBXResourcesBuildPhase section */
		CA65956E298491C300528487 /* Resources */ = {
			isa = PBXResourcesBuildPhase;
			buildActionMask = 2147483647;
			files = (
				CA65957B298491C400528487 /* Preview Assets.xcassets in Resources */,
				CA659578298491C400528487 /* Assets.xcassets in Resources */,
			);
			runOnlyForDeploymentPostprocessing = 0;
		};
/* End PBXResourcesBuildPhase section */

/* Begin PBXShellScriptBuildPhase section */
		5C50DD7830506FACEAA72F65 /* [CP] Check Pods Manifest.lock */ = {
			isa = PBXShellScriptBuildPhase;
			buildActionMask = 2147483647;
			files = (
			);
			inputFileListPaths = (
			);
			inputPaths = (
				"${PODS_PODFILE_DIR_PATH}/Podfile.lock",
				"${PODS_ROOT}/Manifest.lock",
			);
			name = "[CP] Check Pods Manifest.lock";
			outputFileListPaths = (
			);
			outputPaths = (
				"$(DERIVED_FILE_DIR)/Pods-MQTTTestApp-checkManifestLockResult.txt",
			);
			runOnlyForDeploymentPostprocessing = 0;
			shellPath = /bin/sh;
			shellScript = "diff \"${PODS_PODFILE_DIR_PATH}/Podfile.lock\" \"${PODS_ROOT}/Manifest.lock\" > /dev/null\nif [ $? != 0 ] ; then\n    # print error to STDERR\n    echo \"error: The sandbox is not in sync with the Podfile.lock. Run 'pod install' or update your CocoaPods installation.\" >&2\n    exit 1\nfi\n# This output is used by Xcode 'outputs' to avoid re-running this script phase.\necho \"SUCCESS\" > \"${SCRIPT_OUTPUT_FILE_0}\"\n";
			showEnvVarsInLog = 0;
		};
		C3709529764C47A558131DDA /* [CP] Embed Pods Frameworks */ = {
			isa = PBXShellScriptBuildPhase;
			buildActionMask = 2147483647;
			files = (
			);
			inputFileListPaths = (
				"${PODS_ROOT}/Target Support Files/Pods-MQTTTestApp/Pods-MQTTTestApp-frameworks-${CONFIGURATION}-input-files.xcfilelist",
			);
			name = "[CP] Embed Pods Frameworks";
			outputFileListPaths = (
				"${PODS_ROOT}/Target Support Files/Pods-MQTTTestApp/Pods-MQTTTestApp-frameworks-${CONFIGURATION}-output-files.xcfilelist",
			);
			runOnlyForDeploymentPostprocessing = 0;
			shellPath = /bin/sh;
			shellScript = "\"${PODS_ROOT}/Target Support Files/Pods-MQTTTestApp/Pods-MQTTTestApp-frameworks.sh\"\n";
			showEnvVarsInLog = 0;
		};
/* End PBXShellScriptBuildPhase section */

/* Begin PBXSourcesBuildPhase section */
		CA65956C298491C300528487 /* Sources */ = {
			isa = PBXSourcesBuildPhase;
			buildActionMask = 2147483647;
			files = (
				CAB5CCAE29873C910053CA8F /* TimestampViewModel.swift in Sources */,
				CAB5CCB129873D110053CA8F /* TimestampView.swift in Sources */,
				CA659574298491C300528487 /* MQTTTestApp.swift in Sources */,
			);
			runOnlyForDeploymentPostprocessing = 0;
		};
/* End PBXSourcesBuildPhase section */

/* Begin XCBuildConfiguration section */
		CA65957C298491C400528487 /* Debug */ = {
			isa = XCBuildConfiguration;
			buildSettings = {
				ALWAYS_SEARCH_USER_PATHS = NO;
				CLANG_ANALYZER_NONNULL = YES;
				CLANG_ANALYZER_NUMBER_OBJECT_CONVERSION = YES_AGGRESSIVE;
				CLANG_CXX_LANGUAGE_STANDARD = "gnu++17";
				CLANG_ENABLE_MODULES = YES;
				CLANG_ENABLE_OBJC_ARC = YES;
				CLANG_ENABLE_OBJC_WEAK = YES;
				CLANG_WARN_BLOCK_CAPTURE_AUTORELEASING = YES;
				CLANG_WARN_BOOL_CONVERSION = YES;
				CLANG_WARN_COMMA = YES;
				CLANG_WARN_CONSTANT_CONVERSION = YES;
				CLANG_WARN_DEPRECATED_OBJC_IMPLEMENTATIONS = YES;
				CLANG_WARN_DIRECT_OBJC_ISA_USAGE = YES_ERROR;
				CLANG_WARN_DOCUMENTATION_COMMENTS = YES;
				CLANG_WARN_EMPTY_BODY = YES;
				CLANG_WARN_ENUM_CONVERSION = YES;
				CLANG_WARN_INFINITE_RECURSION = YES;
				CLANG_WARN_INT_CONVERSION = YES;
				CLANG_WARN_NON_LITERAL_NULL_CONVERSION = YES;
				CLANG_WARN_OBJC_IMPLICIT_RETAIN_SELF = YES;
				CLANG_WARN_OBJC_LITERAL_CONVERSION = YES;
				CLANG_WARN_OBJC_ROOT_CLASS = YES_ERROR;
				CLANG_WARN_QUOTED_INCLUDE_IN_FRAMEWORK_HEADER = YES;
				CLANG_WARN_RANGE_LOOP_ANALYSIS = YES;
				CLANG_WARN_STRICT_PROTOTYPES = YES;
				CLANG_WARN_SUSPICIOUS_MOVE = YES;
				CLANG_WARN_UNGUARDED_AVAILABILITY = YES_AGGRESSIVE;
				CLANG_WARN_UNREACHABLE_CODE = YES;
				CLANG_WARN__DUPLICATE_METHOD_MATCH = YES;
				COPY_PHASE_STRIP = NO;
				DEBUG_INFORMATION_FORMAT = dwarf;
				ENABLE_STRICT_OBJC_MSGSEND = YES;
				ENABLE_TESTABILITY = YES;
				GCC_C_LANGUAGE_STANDARD = gnu11;
				GCC_DYNAMIC_NO_PIC = NO;
				GCC_NO_COMMON_BLOCKS = YES;
				GCC_OPTIMIZATION_LEVEL = 0;
				GCC_PREPROCESSOR_DEFINITIONS = (
					"DEBUG=1",
					"$(inherited)",
				);
				GCC_WARN_64_TO_32_BIT_CONVERSION = YES;
				GCC_WARN_ABOUT_RETURN_TYPE = YES_ERROR;
				GCC_WARN_UNDECLARED_SELECTOR = YES;
				GCC_WARN_UNINITIALIZED_AUTOS = YES_AGGRESSIVE;
				GCC_WARN_UNUSED_FUNCTION = YES;
				GCC_WARN_UNUSED_VARIABLE = YES;
				IPHONEOS_DEPLOYMENT_TARGET = 15.4;
				MTL_ENABLE_DEBUG_INFO = INCLUDE_SOURCE;
				MTL_FAST_MATH = YES;
				ONLY_ACTIVE_ARCH = YES;
				SDKROOT = iphoneos;
				SWIFT_ACTIVE_COMPILATION_CONDITIONS = DEBUG;
				SWIFT_OPTIMIZATION_LEVEL = "-Onone";
			};
			name = Debug;
		};
		CA65957D298491C400528487 /* Release */ = {
			isa = XCBuildConfiguration;
			buildSettings = {
				ALWAYS_SEARCH_USER_PATHS = NO;
				CLANG_ANALYZER_NONNULL = YES;
				CLANG_ANALYZER_NUMBER_OBJECT_CONVERSION = YES_AGGRESSIVE;
				CLANG_CXX_LANGUAGE_STANDARD = "gnu++17";
				CLANG_ENABLE_MODULES = YES;
				CLANG_ENABLE_OBJC_ARC = YES;
				CLANG_ENABLE_OBJC_WEAK = YES;
				CLANG_WARN_BLOCK_CAPTURE_AUTORELEASING = YES;
				CLANG_WARN_BOOL_CONVERSION = YES;
				CLANG_WARN_COMMA = YES;
				CLANG_WARN_CONSTANT_CONVERSION = YES;
				CLANG_WARN_DEPRECATED_OBJC_IMPLEMENTATIONS = YES;
				CLANG_WARN_DIRECT_OBJC_ISA_USAGE = YES_ERROR;
				CLANG_WARN_DOCUMENTATION_COMMENTS = YES;
				CLANG_WARN_EMPTY_BODY = YES;
				CLANG_WARN_ENUM_CONVERSION = YES;
				CLANG_WARN_INFINITE_RECURSION = YES;
				CLANG_WARN_INT_CONVERSION = YES;
				CLANG_WARN_NON_LITERAL_NULL_CONVERSION = YES;
				CLANG_WARN_OBJC_IMPLICIT_RETAIN_SELF = YES;
				CLANG_WARN_OBJC_LITERAL_CONVERSION = YES;
				CLANG_WARN_OBJC_ROOT_CLASS = YES_ERROR;
				CLANG_WARN_QUOTED_INCLUDE_IN_FRAMEWORK_HEADER = YES;
				CLANG_WARN_RANGE_LOOP_ANALYSIS = YES;
				CLANG_WARN_STRICT_PROTOTYPES = YES;
				CLANG_WARN_SUSPICIOUS_MOVE = YES;
				CLANG_WARN_UNGUARDED_AVAILABILITY = YES_AGGRESSIVE;
				CLANG_WARN_UNREACHABLE_CODE = YES;
				CLANG_WARN__DUPLICATE_METHOD_MATCH = YES;
				COPY_PHASE_STRIP = NO;
				DEBUG_INFORMATION_FORMAT = "dwarf-with-dsym";
				ENABLE_NS_ASSERTIONS = NO;
				ENABLE_STRICT_OBJC_MSGSEND = YES;
				GCC_C_LANGUAGE_STANDARD = gnu11;
				GCC_NO_COMMON_BLOCKS = YES;
				GCC_WARN_64_TO_32_BIT_CONVERSION = YES;
				GCC_WARN_ABOUT_RETURN_TYPE = YES_ERROR;
				GCC_WARN_UNDECLARED_SELECTOR = YES;
				GCC_WARN_UNINITIALIZED_AUTOS = YES_AGGRESSIVE;
				GCC_WARN_UNUSED_FUNCTION = YES;
				GCC_WARN_UNUSED_VARIABLE = YES;
				IPHONEOS_DEPLOYMENT_TARGET = 15.4;
				MTL_ENABLE_DEBUG_INFO = NO;
				MTL_FAST_MATH = YES;
				SDKROOT = iphoneos;
				SWIFT_COMPILATION_MODE = wholemodule;
				SWIFT_OPTIMIZATION_LEVEL = "-O";
				VALIDATE_PRODUCT = YES;
			};
			name = Release;
		};
		CA65957F298491C400528487 /* Debug */ = {
			isa = XCBuildConfiguration;
			baseConfigurationReference = 7780B58404BB30BBA0DF9363 /* Pods-MQTTTestApp.debug.xcconfig */;
			buildSettings = {
				ASSETCATALOG_COMPILER_APPICON_NAME = AppIcon;
				ASSETCATALOG_COMPILER_GLOBAL_ACCENT_COLOR_NAME = AccentColor;
				CODE_SIGN_STYLE = Automatic;
				CURRENT_PROJECT_VERSION = 1;
				DEVELOPMENT_ASSET_PATHS = "\"MQTTTestApp/Preview Content\"";
				DEVELOPMENT_TEAM = 7B83Y8Q37U;
				ENABLE_PREVIEWS = YES;
				GENERATE_INFOPLIST_FILE = YES;
				INFOPLIST_KEY_UIApplicationSceneManifest_Generation = YES;
				INFOPLIST_KEY_UIApplicationSupportsIndirectInputEvents = YES;
				INFOPLIST_KEY_UILaunchScreen_Generation = YES;
				INFOPLIST_KEY_UISupportedInterfaceOrientations_iPad = "UIInterfaceOrientationPortrait UIInterfaceOrientationPortraitUpsideDown UIInterfaceOrientationLandscapeLeft UIInterfaceOrientationLandscapeRight";
				INFOPLIST_KEY_UISupportedInterfaceOrientations_iPhone = "UIInterfaceOrientationPortrait UIInterfaceOrientationLandscapeLeft UIInterfaceOrientationLandscapeRight";
				LD_RUNPATH_SEARCH_PATHS = (
					"$(inherited)",
					"@executable_path/Frameworks",
				);
				MARKETING_VERSION = 1.0;
				PRODUCT_BUNDLE_IDENTIFIER = krosener.MQTTTestApp;
				PRODUCT_NAME = "$(TARGET_NAME)";
				SWIFT_EMIT_LOC_STRINGS = YES;
				SWIFT_VERSION = 5.0;
				TARGETED_DEVICE_FAMILY = "1,2";
			};
			name = Debug;
		};
		CA659580298491C400528487 /* Release */ = {
			isa = XCBuildConfiguration;
			baseConfigurationReference = 328837EA42111BC7CA81CA1C /* Pods-MQTTTestApp.release.xcconfig */;
			buildSettings = {
				ASSETCATALOG_COMPILER_APPICON_NAME = AppIcon;
				ASSETCATALOG_COMPILER_GLOBAL_ACCENT_COLOR_NAME = AccentColor;
				CODE_SIGN_STYLE = Automatic;
				CURRENT_PROJECT_VERSION = 1;
				DEVELOPMENT_ASSET_PATHS = "\"MQTTTestApp/Preview Content\"";
				DEVELOPMENT_TEAM = 7B83Y8Q37U;
				ENABLE_PREVIEWS = YES;
				GENERATE_INFOPLIST_FILE = YES;
				INFOPLIST_KEY_UIApplicationSceneManifest_Generation = YES;
				INFOPLIST_KEY_UIApplicationSupportsIndirectInputEvents = YES;
				INFOPLIST_KEY_UILaunchScreen_Generation = YES;
				INFOPLIST_KEY_UISupportedInterfaceOrientations_iPad = "UIInterfaceOrientationPortrait UIInterfaceOrientationPortraitUpsideDown UIInterfaceOrientationLandscapeLeft UIInterfaceOrientationLandscapeRight";
				INFOPLIST_KEY_UISupportedInterfaceOrientations_iPhone = "UIInterfaceOrientationPortrait UIInterfaceOrientationLandscapeLeft UIInterfaceOrientationLandscapeRight";
				LD_RUNPATH_SEARCH_PATHS = (
					"$(inherited)",
					"@executable_path/Frameworks",
				);
				MARKETING_VERSION = 1.0;
				PRODUCT_BUNDLE_IDENTIFIER = krosener.MQTTTestApp;
				PRODUCT_NAME = "$(TARGET_NAME)";
				SWIFT_EMIT_LOC_STRINGS = YES;
				SWIFT_VERSION = 5.0;
				TARGETED_DEVICE_FAMILY = "1,2";
			};
			name = Release;
		};
/* End XCBuildConfiguration section */

/* Begin XCConfigurationList section */
		CA65956B298491C300528487 /* Build configuration list for PBXProject "MQTTTestApp" */ = {
			isa = XCConfigurationList;
			buildConfigurations = (
				CA65957C298491C400528487 /* Debug */,
				CA65957D298491C400528487 /* Release */,
			);
			defaultConfigurationIsVisible = 0;
			defaultConfigurationName = Release;
		};
		CA65957E298491C400528487 /* Build configuration list for PBXNativeTarget "MQTTTestApp" */ = {
			isa = XCConfigurationList;
			buildConfigurations = (
				CA65957F298491C400528487 /* Debug */,
				CA659580298491C400528487 /* Release */,
			);
			defaultConfigurationIsVisible = 0;
			defaultConfigurationName = Release;
		};
/* End XCConfigurationList section */
	};
	rootObject = CA659568298491C300528487 /* Project object */;
}
